
Microsoft Visual Studio Solution File, Format Version 12.00
# Visual Studio Version 17
VisualStudioVersion = 17.4.33103.184
MinimumVisualStudioVersion = 10.0.40219.1
Project("{FAE04EC0-301F-11D3-BF4B-00C04F79EFBC}") = "ConsoleApp20", "ConsoleApp20\ConsoleApp20.csproj", "{6BB075C5-2707-497A-93FE-5B3E5F0F7D53}"
EndProject
Global
	GlobalSection(SolutionConfigurationPlatforms) = preSolution
		Debug|Any CPU = Debug|Any CPU
		Release|Any CPU = Release|Any CPU
	EndGlobalSection
	GlobalSection(ProjectConfigurationPlatforms) = postSolution
		{6BB075C5-2707-497A-93FE-5B3E5F0F7D53}.Debug|Any CPU.ActiveCfg = Debug|Any CPU
		{6BB075C5-2707-497A-93FE-5B3E5F0F7D53}.Debug|Any CPU.Build.0 = Debug|Any CPU
		{6BB075C5-2707-497A-93FE-5B3E5F0F7D53}.Release|Any CPU.ActiveCfg = Release|Any CPU
		{6BB075C5-2707-497A-93FE-5B3E5F0F7D53}.Release|Any CPU.Build.0 = Release|Any CPU
	EndGlobalSection
	GlobalSection(SolutionProperties) = preSolution
		HideSolutionNode = FALSE
	EndGlobalSection
	GlobalSection(ExtensibilityGlobals) = postSolution
		SolutionGuid = {94A7249A-8AEE-445D-AE0C-F7F4EDC012BB}
	EndGlobalSection
EndGlobal
